
Microsoft Visual Studio Solution File, Format Version 12.00
# Visual Studio Version 17
VisualStudioVersion = 17.1.32328.378
MinimumVisualStudioVersion = 10.0.40219.1
Project("{FAE04EC0-301F-11D3-BF4B-00C04F79EFBC}") = "Entities", "Entities\Entities.csproj", "{8A5748C9-8E1F-4C41-891B-FF7769951016}"
EndProject
Project("{FAE04EC0-301F-11D3-BF4B-00C04F79EFBC}") = "DataAccess", "DataAccess\DataAccess.csproj", "{3CFE0B7C-92BD-4439-9CBA-A2820FFC84E7}"
EndProject
Project("{FAE04EC0-301F-11D3-BF4B-00C04F79EFBC}") = "Business", "Business\Business.csproj", "{FF662F9C-4117-4CF2-AE8E-A755BEBC5D26}"
EndProject
Project("{FAE04EC0-301F-11D3-BF4B-00C04F79EFBC}") = "WebAPI", "WebAPI\WebAPI.csproj", "{978CAFDC-F53D-4B8D-89A2-F2C617125086}"
EndProject
Global
	GlobalSection(SolutionConfigurationPlatforms) = preSolution
		Debug|Any CPU = Debug|Any CPU
		Release|Any CPU = Release|Any CPU
	EndGlobalSection
	GlobalSection(ProjectConfigurationPlatforms) = postSolution
		{8A5748C9-8E1F-4C41-891B-FF7769951016}.Debug|Any CPU.ActiveCfg = Debug|Any CPU
		{8A5748C9-8E1F-4C41-891B-FF7769951016}.Debug|Any CPU.Build.0 = Debug|Any CPU
		{8A5748C9-8E1F-4C41-891B-FF7769951016}.Release|Any CPU.ActiveCfg = Release|Any CPU
		{8A5748C9-8E1F-4C41-891B-FF7769951016}.Release|Any CPU.Build.0 = Release|Any CPU
		{3CFE0B7C-92BD-4439-9CBA-A2820FFC84E7}.Debug|Any CPU.ActiveCfg = Debug|Any CPU
		{3CFE0B7C-92BD-4439-9CBA-A2820FFC84E7}.Debug|Any CPU.Build.0 = Debug|Any CPU
		{3CFE0B7C-92BD-4439-9CBA-A2820FFC84E7}.Release|Any CPU.ActiveCfg = Release|Any CPU
		{3CFE0B7C-92BD-4439-9CBA-A2820FFC84E7}.Release|Any CPU.Build.0 = Release|Any CPU
		{FF662F9C-4117-4CF2-AE8E-A755BEBC5D26}.Debug|Any CPU.ActiveCfg = Debug|Any CPU
		{FF662F9C-4117-4CF2-AE8E-A755BEBC5D26}.Debug|Any CPU.Build.0 = Debug|Any CPU
		{FF662F9C-4117-4CF2-AE8E-A755BEBC5D26}.Release|Any CPU.ActiveCfg = Release|Any CPU
		{FF662F9C-4117-4CF2-AE8E-A755BEBC5D26}.Release|Any CPU.Build.0 = Release|Any CPU
		{978CAFDC-F53D-4B8D-89A2-F2C617125086}.Debug|Any CPU.ActiveCfg = Debug|Any CPU
		{978CAFDC-F53D-4B8D-89A2-F2C617125086}.Debug|Any CPU.Build.0 = Debug|Any CPU
		{978CAFDC-F53D-4B8D-89A2-F2C617125086}.Release|Any CPU.ActiveCfg = Release|Any CPU
		{978CAFDC-F53D-4B8D-89A2-F2C617125086}.Release|Any CPU.Build.0 = Release|Any CPU
	EndGlobalSection
	GlobalSection(SolutionProperties) = preSolution
		HideSolutionNode = FALSE
	EndGlobalSection
	GlobalSection(ExtensibilityGlobals) = postSolution
		SolutionGuid = {6D7A8E66-7CA3-4542-BD64-6D17C2A6E3CD}
	EndGlobalSection
EndGlobal
